
Microsoft Visual Studio Solution File, Format Version 12.00
# Visual Studio Version 16
VisualStudioVersion = 16.0.30104.148
MinimumVisualStudioVersion = 10.0.40219.1
Project("{FAE04EC0-301F-11D3-BF4B-00C04F79EFBC}") = "factorial", "ConsoleApp4\factorial.csproj", "{600632BA-5CB8-49B5-AD1E-EAD1CB8D6E1B}"
EndProject
Project("{FAE04EC0-301F-11D3-BF4B-00C04F79EFBC}") = "max_min_element_in_array", "max_min_element_in_array\max_min_element_in_array.csproj", "{A1B4F610-DF3C-4FEA-B141-418D3BD06391}"
EndProject
Project("{FAE04EC0-301F-11D3-BF4B-00C04F79EFBC}") = "prime_numbers", "prime_numbers\prime_numbers.csproj", "{65792E13-FB5B-4C37-A389-ADD5FD6D912B}"
EndProject
Project("{FAE04EC0-301F-11D3-BF4B-00C04F79EFBC}") = "Perfect_numbers", "Perfect_numbers\Perfect_numbers.csproj", "{AEC71D1C-B656-4C27-B8CF-154DC3979B5F}"
EndProject
Project("{FAE04EC0-301F-11D3-BF4B-00C04F79EFBC}") = "reverse_number_int", "reverse_number_int\reverse_number_int.csproj", "{56062281-321F-470F-8E67-2FFBE17BD8D3}"
EndProject
Project("{9A19103F-16F7-4668-BE54-9A1E7A4F7556}") = "ArrayMiddleNumber", "test1\ArrayMiddleNumber.csproj", "{A2A2E5AD-77D9-4D7D-85B6-F10474882CAE}"
EndProject
Project("{9A19103F-16F7-4668-BE54-9A1E7A4F7556}") = "Fibonacci", "Fibonacci\Fibonacci.csproj", "{2004F6C4-54BA-43F7-8AD9-34CEDFE408E9}"
EndProject
Project("{9A19103F-16F7-4668-BE54-9A1E7A4F7556}") = "CharCharacterArray", "CharCharacterArray\CharCharacterArray.csproj", "{FDB15E5C-2C25-475C-808E-30ABF2E49A55}"
EndProject
Project("{9A19103F-16F7-4668-BE54-9A1E7A4F7556}") = "ArraysCommonElements", "ArraysCommonElements\ArraysCommonElements.csproj", "{83284C68-B990-40BF-9778-D2390A0E2561}"
EndProject
Project("{9A19103F-16F7-4668-BE54-9A1E7A4F7556}") = "EquilibriumIndexOfArray", "EquilibriumIndexOfArray\EquilibriumIndexOfArray.csproj", "{272467B2-E760-424E-91D4-BC8B28EFFA77}"
EndProject
Project("{9A19103F-16F7-4668-BE54-9A1E7A4F7556}") = "ReverseString", "ReverseString\ReverseString.csproj", "{096C8203-8D96-4A04-8951-6FC00B46343D}"
EndProject
Project("{FAE04EC0-301F-11D3-BF4B-00C04F79EFBC}") = "HasSingleMaxElement", "HasSingleMaxElement\HasSingleMaxElement.csproj", "{33D8EBC3-388B-4CDE-B2DA-BCBD05B71F6C}"
EndProject
Project("{FAE04EC0-301F-11D3-BF4B-00C04F79EFBC}") = "pairedNArray", "pairedNArray\pairedNArray.csproj", "{E895E9D3-00C7-4C62-9631-692483D3F205}"
EndProject
Project("{FAE04EC0-301F-11D3-BF4B-00C04F79EFBC}") = "DigitIncreasing", "DigitIncreasing\DigitIncreasing.csproj", "{126C6D62-F3FF-46F2-9E98-0BC6B59D97F8}"
EndProject
Project("{FAE04EC0-301F-11D3-BF4B-00C04F79EFBC}") = "UniqueElementofArray", "ExamQuestion1\UniqueElementofArray.csproj", "{06E968E1-3351-4F01-8B94-2EB63EADD2FE}"
EndProject
Global
	GlobalSection(SolutionConfigurationPlatforms) = preSolution
		Debug|Any CPU = Debug|Any CPU
		Release|Any CPU = Release|Any CPU
	EndGlobalSection
	GlobalSection(ProjectConfigurationPlatforms) = postSolution
		{600632BA-5CB8-49B5-AD1E-EAD1CB8D6E1B}.Debug|Any CPU.ActiveCfg = Debug|Any CPU
		{600632BA-5CB8-49B5-AD1E-EAD1CB8D6E1B}.Debug|Any CPU.Build.0 = Debug|Any CPU
		{600632BA-5CB8-49B5-AD1E-EAD1CB8D6E1B}.Release|Any CPU.ActiveCfg = Release|Any CPU
		{600632BA-5CB8-49B5-AD1E-EAD1CB8D6E1B}.Release|Any CPU.Build.0 = Release|Any CPU
		{A1B4F610-DF3C-4FEA-B141-418D3BD06391}.Debug|Any CPU.ActiveCfg = Debug|Any CPU
		{A1B4F610-DF3C-4FEA-B141-418D3BD06391}.Debug|Any CPU.Build.0 = Debug|Any CPU
		{A1B4F610-DF3C-4FEA-B141-418D3BD06391}.Release|Any CPU.ActiveCfg = Release|Any CPU
		{A1B4F610-DF3C-4FEA-B141-418D3BD06391}.Release|Any CPU.Build.0 = Release|Any CPU
		{65792E13-FB5B-4C37-A389-ADD5FD6D912B}.Debug|Any CPU.ActiveCfg = Debug|Any CPU
		{65792E13-FB5B-4C37-A389-ADD5FD6D912B}.Debug|Any CPU.Build.0 = Debug|Any CPU
		{65792E13-FB5B-4C37-A389-ADD5FD6D912B}.Release|Any CPU.ActiveCfg = Release|Any CPU
		{65792E13-FB5B-4C37-A389-ADD5FD6D912B}.Release|Any CPU.Build.0 = Release|Any CPU
		{AEC71D1C-B656-4C27-B8CF-154DC3979B5F}.Debug|Any CPU.ActiveCfg = Debug|Any CPU
		{AEC71D1C-B656-4C27-B8CF-154DC3979B5F}.Debug|Any CPU.Build.0 = Debug|Any CPU
		{AEC71D1C-B656-4C27-B8CF-154DC3979B5F}.Release|Any CPU.ActiveCfg = Release|Any CPU
		{AEC71D1C-B656-4C27-B8CF-154DC3979B5F}.Release|Any CPU.Build.0 = Release|Any CPU
		{56062281-321F-470F-8E67-2FFBE17BD8D3}.Debug|Any CPU.ActiveCfg = Debug|Any CPU
		{56062281-321F-470F-8E67-2FFBE17BD8D3}.Debug|Any CPU.Build.0 = Debug|Any CPU
		{56062281-321F-470F-8E67-2FFBE17BD8D3}.Release|Any CPU.ActiveCfg = Release|Any CPU
		{56062281-321F-470F-8E67-2FFBE17BD8D3}.Release|Any CPU.Build.0 = Release|Any CPU
		{A2A2E5AD-77D9-4D7D-85B6-F10474882CAE}.Debug|Any CPU.ActiveCfg = Debug|Any CPU
		{A2A2E5AD-77D9-4D7D-85B6-F10474882CAE}.Debug|Any CPU.Build.0 = Debug|Any CPU
		{A2A2E5AD-77D9-4D7D-85B6-F10474882CAE}.Release|Any CPU.ActiveCfg = Release|Any CPU
		{A2A2E5AD-77D9-4D7D-85B6-F10474882CAE}.Release|Any CPU.Build.0 = Release|Any CPU
		{2004F6C4-54BA-43F7-8AD9-34CEDFE408E9}.Debug|Any CPU.ActiveCfg = Debug|Any CPU
		{2004F6C4-54BA-43F7-8AD9-34CEDFE408E9}.Debug|Any CPU.Build.0 = Debug|Any CPU
		{2004F6C4-54BA-43F7-8AD9-34CEDFE408E9}.Release|Any CPU.ActiveCfg = Release|Any CPU
		{2004F6C4-54BA-43F7-8AD9-34CEDFE408E9}.Release|Any CPU.Build.0 = Release|Any CPU
		{FDB15E5C-2C25-475C-808E-30ABF2E49A55}.Debug|Any CPU.ActiveCfg = Debug|Any CPU
		{FDB15E5C-2C25-475C-808E-30ABF2E49A55}.Debug|Any CPU.Build.0 = Debug|Any CPU
		{FDB15E5C-2C25-475C-808E-30ABF2E49A55}.Release|Any CPU.ActiveCfg = Release|Any CPU
		{FDB15E5C-2C25-475C-808E-30ABF2E49A55}.Release|Any CPU.Build.0 = Release|Any CPU
		{83284C68-B990-40BF-9778-D2390A0E2561}.Debug|Any CPU.ActiveCfg = Debug|Any CPU
		{83284C68-B990-40BF-9778-D2390A0E2561}.Debug|Any CPU.Build.0 = Debug|Any CPU
		{83284C68-B990-40BF-9778-D2390A0E2561}.Release|Any CPU.ActiveCfg = Release|Any CPU
		{83284C68-B990-40BF-9778-D2390A0E2561}.Release|Any CPU.Build.0 = Release|Any CPU
		{272467B2-E760-424E-91D4-BC8B28EFFA77}.Debug|Any CPU.ActiveCfg = Debug|Any CPU
		{272467B2-E760-424E-91D4-BC8B28EFFA77}.Debug|Any CPU.Build.0 = Debug|Any CPU
		{272467B2-E760-424E-91D4-BC8B28EFFA77}.Release|Any CPU.ActiveCfg = Release|Any CPU
		{272467B2-E760-424E-91D4-BC8B28EFFA77}.Release|Any CPU.Build.0 = Release|Any CPU
		{096C8203-8D96-4A04-8951-6FC00B46343D}.Debug|Any CPU.ActiveCfg = Debug|Any CPU
		{096C8203-8D96-4A04-8951-6FC00B46343D}.Debug|Any CPU.Build.0 = Debug|Any CPU
		{096C8203-8D96-4A04-8951-6FC00B46343D}.Release|Any CPU.ActiveCfg = Release|Any CPU
		{096C8203-8D96-4A04-8951-6FC00B46343D}.Release|Any CPU.Build.0 = Release|Any CPU
		{33D8EBC3-388B-4CDE-B2DA-BCBD05B71F6C}.Debug|Any CPU.ActiveCfg = Debug|Any CPU
		{33D8EBC3-388B-4CDE-B2DA-BCBD05B71F6C}.Debug|Any CPU.Build.0 = Debug|Any CPU
		{33D8EBC3-388B-4CDE-B2DA-BCBD05B71F6C}.Release|Any CPU.ActiveCfg = Release|Any CPU
		{33D8EBC3-388B-4CDE-B2DA-BCBD05B71F6C}.Release|Any CPU.Build.0 = Release|Any CPU
		{E895E9D3-00C7-4C62-9631-692483D3F205}.Debug|Any CPU.ActiveCfg = Debug|Any CPU
		{E895E9D3-00C7-4C62-9631-692483D3F205}.Debug|Any CPU.Build.0 = Debug|Any CPU
		{E895E9D3-00C7-4C62-9631-692483D3F205}.Release|Any CPU.ActiveCfg = Release|Any CPU
		{E895E9D3-00C7-4C62-9631-692483D3F205}.Release|Any CPU.Build.0 = Release|Any CPU
		{126C6D62-F3FF-46F2-9E98-0BC6B59D97F8}.Debug|Any CPU.ActiveCfg = Debug|Any CPU
		{126C6D62-F3FF-46F2-9E98-0BC6B59D97F8}.Debug|Any CPU.Build.0 = Debug|Any CPU
		{126C6D62-F3FF-46F2-9E98-0BC6B59D97F8}.Release|Any CPU.ActiveCfg = Release|Any CPU
		{126C6D62-F3FF-46F2-9E98-0BC6B59D97F8}.Release|Any CPU.Build.0 = Release|Any CPU
		{06E968E1-3351-4F01-8B94-2EB63EADD2FE}.Debug|Any CPU.ActiveCfg = Debug|Any CPU
		{06E968E1-3351-4F01-8B94-2EB63EADD2FE}.Debug|Any CPU.Build.0 = Debug|Any CPU
		{06E968E1-3351-4F01-8B94-2EB63EADD2FE}.Release|Any CPU.ActiveCfg = Release|Any CPU
		{06E968E1-3351-4F01-8B94-2EB63EADD2FE}.Release|Any CPU.Build.0 = Release|Any CPU
	EndGlobalSection
	GlobalSection(SolutionProperties) = preSolution
		HideSolutionNode = FALSE
	EndGlobalSection
	GlobalSection(ExtensibilityGlobals) = postSolution
		SolutionGuid = {26CC5F2A-12F1-4B0C-B63C-0E2584CFA0C8}
	EndGlobalSection
EndGlobal
